{"1.1.0",
[{<<"amqp_client">>,
  {git,"git://github.com/jbrisbin/amqp_client.git",
       {ref,"d50aec00b94f0766a048b4eceaf25ddfdeeb1d86"}},
  0},
 {<<"brod">>,
  {git,"git://github.com/klarna/brod.git",
       {ref,"d1e7bc80dadfa3a19c460fced9df1e9702ecca2d"}},
  0},
 {<<"fast_xml">>,{pkg,<<"fast_xml">>,<<"1.1.24">>},0},
 {<<"kafka_protocol">>,{pkg,<<"kafka_protocol">>,<<"1.1.0">>},1},
 {<<"p1_utils">>,{pkg,<<"p1_utils">>,<<"1.0.10">>},1},
 {<<"rabbit_common">>,
  {git,"https://github.com/jbrisbin/rabbit_common.git",
       {ref,"80814606ae23cc820c74e443383e192cd69ec030"}},
  1},
 {<<"snappyer">>,{pkg,<<"snappyer">>,<<"1.2.1">>},2},
 {<<"supervisor3">>,{pkg,<<"supervisor3">>,<<"1.1.5">>},1}]}.
[
{pkg_hash,[
 {<<"fast_xml">>, <<"66F0D9FC52A862013806C1474B3335A818A33156F68F83C6538A17B6A26DB422">>},
 {<<"kafka_protocol">>, <<"817C07A6339CBFB32D1F20A588353BF8D9A8944DF296EB2E930360B83760C171">>},
 {<<"p1_utils">>, <<"A6D6927114BAC79CF6468A10824125492034AF7071ADC6ED5EBC4DDB443845D4">>},
 {<<"snappyer">>, <<"06C5F5C8AFE80BA38E94E1CA1BD9253DE95D8F2C85B08783E8D0F63815580556">>},
 {<<"supervisor3">>, <<"5F3C487A6EBA23DE0E64C06E93EFA0ECA06F40324A6412C1318C77ACA6DA8424">>}]}
].
