{"1.2.0",
[{<<"amqp_client">>,
  {git,"https://github.com/jbrisbin/amqp_client.git",
       {ref,"d50aec00b94f0766a048b4eceaf25ddfdeeb1d86"}},
  0},
 {<<"apns">>,{pkg,<<"apns4erl">>,<<"2.4.0">>},0},
 {<<"base16">>,{pkg,<<"base16">>,<<"1.0.0">>},1},
 {<<"base64url">>,{pkg,<<"base64url">>,<<"0.0.1">>},1},
 {<<"brod">>,
  {git,"https://github.com/klarna/brod.git",
       {ref,"6966f0244b87904363cb8053ac0364ff281411d9"}},
  0},
 {<<"cowlib">>,{pkg,<<"cowlib">>,<<"2.6.0">>},2},
 {<<"crc32cer">>,{pkg,<<"crc32cer">>,<<"0.1.8">>},2},
 {<<"eini">>,{pkg,<<"eini">>,<<"1.2.9">>},1},
 {<<"erlcloud">>,
  {git,"https://github.com/bholten/erlcloud",
       {ref,"94e0be36f3709e6817206ac4627a22d79b31f38e"}},
  0},
 {<<"fast_xml">>,
  {git,"https://github.com/processone/fast_xml.git",
       {ref,"7fce39a0a82ae4b7afeeecd9b074f1180c6700a1"}},
  0},
 {<<"gun">>,{pkg,<<"gun">>,<<"1.3.0">>},1},
 {<<"ibrowse">>,{pkg,<<"ibrowse">>,<<"4.4.0">>},0},
 {<<"jobs">>,
  {git,"https://github.com/uwiger/jobs.git",
       {ref,"fe5bf9a252ee68f644bdee7db919cc522ff4ad03"}},
  0},
 {<<"jsone">>,
  {git,"https://github.com/sile/jsone.git",
       {ref,"1704b0de22b547d80d19561127ff0ae19dcc1f56"}},
  0},
 {<<"jsx">>,{pkg,<<"jsx">>,<<"2.9.0">>},1},
 {<<"kafka_protocol">>,{pkg,<<"kafka_protocol">>,<<"4.1.3">>},1},
 {<<"lhttpc">>,{pkg,<<"lhttpc">>,<<"1.6.2">>},1},
 {<<"mod_monitor">>,
  {git,"https://github.com/xmppjingle/mod_monitor.git",
       {ref,"64584a45d070f9e84475af95f4072cf5b4289d4e"}},
  0},
 {<<"p1_utils">>,{pkg,<<"p1_utils">>,<<"1.0.20">>},1},
 {<<"parse_trans">>,{pkg,<<"parse_trans">>,<<"3.0.0">>},1},
 {<<"pooler">>,
  {git,"https://github.com/seth/pooler.git",
       {ref,"a9fb9dbbac45000f10d8edf4464bf8425b39bd77"}},
  0},
 {<<"quickrand">>,
  {git,"https://github.com/okeuday/quickrand.git",
       {ref,"1c60daa4b0edcec0a6b8310443574baac962ea88"}},
  1},
 {<<"rabbit_common">>,
  {git,"https://github.com/jbrisbin/rabbit_common.git",
       {ref,"80814606ae23cc820c74e443383e192cd69ec030"}},
  1},
 {<<"snappyer">>,{pkg,<<"snappyer">>,<<"1.2.9">>},1},
 {<<"uuid">>,
  {git,"https://github.com/okeuday/uuid.git",
       {ref,"23167ed8689f656ea6765572215a40b9856d7886"}},
  0},
 {<<"worker_pool">>,{pkg,<<"worker_pool">>,<<"3.1.0">>},0}]}.
[
{pkg_hash,[
 {<<"apns">>, <<"CD0A6893506D3F27FC43F7272A709D9512AE53E4A0B2D36DC82288DA16A3C78E">>},
 {<<"base16">>, <<"283644E2B21BD5915ACB7178BED7851FB07C6E5749B8FAD68A53C501092176D9">>},
 {<<"base64url">>, <<"36A90125F5948E3AFD7BE97662A1504B934DD5DAC78451CA6E9ABF85A10286BE">>},
 {<<"cowlib">>, <<"8AA629F81A0FC189F261DC98A42243FA842625FEEA3C7EC56C48F4CCDB55490F">>},
 {<<"crc32cer">>, <<"C6C2275C5FB60A95F4935D414F30B50EE9CFED494081C9B36EBB02EDFC2F48DB">>},
 {<<"eini">>, <<"FCC3CBD49BBDD9A1D9735C7365DAFFCD84481CCE81E6CB80537883AA44AC4895">>},
 {<<"gun">>, <<"18E5D269649C987AF95AEC309F68A27FFC3930531DD227A6EAA0884D6684286E">>},
 {<<"ibrowse">>, <<"2D923325EFE0D2CB09B9C6A047B2835A5EDA69D8A47ED6FF8BC03628B764E991">>},
 {<<"jsx">>, <<"D2F6E5F069C00266CAD52FB15D87C428579EA4D7D73A33669E12679E203329DD">>},
 {<<"kafka_protocol">>, <<"362D85A898D4148A43DBABB10A30BB2D6FF32BA0097EB06981D11B34E2E0A9CD">>},
 {<<"lhttpc">>, <<"044F16F0018C7AA7E945E9E9406C7F6035E0B8BC08BF77B00C78CE260E1071E3">>},
 {<<"p1_utils">>, <<"559313C0EA267A646317FD122CDFBB041DB86B1ED00DF91902FD273CE08D4A45">>},
 {<<"parse_trans">>, <<"9E96B1C9C3A0DF54E7B76F8F685D38BFA1EB21B31E042B1D1A5A70258E4DB1E3">>},
 {<<"snappyer">>, <<"9CC58470798648CE34C662CA0AA6DAAE31367667714C9A543384430A3586E5D3">>},
 {<<"worker_pool">>, <<"C908627E04057CF29940AD0E79B89AB161DB520EEBC76942EFD08A187BABF93A">>}]},
{pkg_hash_ext,[
 {<<"apns">>, <<"C3022C5B03EC1B0CEBA931194090D1694EBCACA386E96064DC98DBF5C1D9634E">>},
 {<<"base16">>, <<"02AFD0827E61A7B07093873E063575CA3A2B07520567C7F8CEC7C5D42F052D76">>},
 {<<"base64url">>, <<"FAB09B20E3F5DB886725544CBCF875B8E73EC93363954EB8A1A9ED834AA8C1F9">>},
 {<<"cowlib">>, <<"45A1A08E05E4C66F2AF665295955E337D52C2D33B1F1CF24D353CADEDDF34992">>},
 {<<"crc32cer">>, <<"251499085482920DEB6C9B7AADABF9FB4C432F96ADD97AB42AEE4501E5B6F591">>},
 {<<"eini">>, <<"DA64AE8DB7C2F502E6F20CDF44CD3D9BE364412B87FF49FEBF282540F673DFCB">>},
 {<<"gun">>, <<"279D089773BE9886FC2ED0D0C25663CC36B8755356DFD27D63C206AB20B8329A">>},
 {<<"ibrowse">>, <<"6A8E5988872086F0506BEF68311493551AC5BEAE7C06BA2A00D5E9F97A60F1C2">>},
 {<<"jsx">>, <<"8EE1DB1CABAFDD578A2776A6AAAE87C2A8CE54B47B59E9EC7DAB5D7EB71CD8DC">>},
 {<<"kafka_protocol">>, <<"28CF73001270D972524DD0FAD4A59074F4441219F9CF237AD808A2AC1EC97487">>},
 {<<"lhttpc">>, <<"76B5FA6149D1E10D4B1FBC4EBD51D371DB19C1AB9F0A9ECF5B526440DF064E97">>},
 {<<"p1_utils">>, <<"0B2C98EDFE3E82DD49B287A70913F265E09EB630E40774BEE88E0A9F06B0C061">>},
 {<<"parse_trans">>, <<"5495A3309051DF7F510BC1FDABDA92DFF5417186A8F66D4419AAD6BA0AF5F0CB">>},
 {<<"snappyer">>, <<"18D00CA218AE613416E6EECAFE1078DB86342A66F86277BD45C95F05BF1C8B29">>},
 {<<"worker_pool">>, <<"F809B89F46B2CB5DFD2B731A2C8B234DB2788490FAB88EB0823DA18B64851EE2">>}]}
].
